
Microsoft Visual Studio Solution File, Format Version 12.00
# Visual Studio 2017
Project("{FAE04EC0-301F-11D3-BF4B-00C04F79EFBC}") = "Blob", "Blob.csproj", "{B5952C4F-4F6C-98CB-210B-40A6FC3E8B29}"
EndProject
Project("{FAE04EC0-301F-11D3-BF4B-00C04F79EFBC}") = "Blob.Editor", "Blob.Editor.csproj", "{1192F407-0456-B62E-77FA-02C3549EBFEB}"
EndProject
Global
	GlobalSection(SolutionConfigurationPlatforms) = preSolution
		Debug|Any CPU = Debug|Any CPU
		Release|Any CPU = Release|Any CPU
	EndGlobalSection
	GlobalSection(ProjectConfigurationPlatforms) = postSolution
		{B5952C4F-4F6C-98CB-210B-40A6FC3E8B29}.Debug|Any CPU.ActiveCfg = Debug|Any CPU
		{B5952C4F-4F6C-98CB-210B-40A6FC3E8B29}.Debug|Any CPU.Build.0 = Debug|Any CPU
		{B5952C4F-4F6C-98CB-210B-40A6FC3E8B29}.Release|Any CPU.ActiveCfg = Release|Any CPU
		{B5952C4F-4F6C-98CB-210B-40A6FC3E8B29}.Release|Any CPU.Build.0 = Release|Any CPU
		{1192F407-0456-B62E-77FA-02C3549EBFEB}.Debug|Any CPU.ActiveCfg = Debug|Any CPU
		{1192F407-0456-B62E-77FA-02C3549EBFEB}.Debug|Any CPU.Build.0 = Debug|Any CPU
		{1192F407-0456-B62E-77FA-02C3549EBFEB}.Release|Any CPU.ActiveCfg = Release|Any CPU
		{1192F407-0456-B62E-77FA-02C3549EBFEB}.Release|Any CPU.Build.0 = Release|Any CPU
	EndGlobalSection
	GlobalSection(SolutionProperties) = preSolution
		HideSolutionNode = FALSE
	EndGlobalSection
EndGlobal
